
Microsoft Visual Studio Solution File, Format Version 12.00
# Visual Studio Version 17
VisualStudioVersion = 17.4.33122.133
MinimumVisualStudioVersion = 10.0.40219.1
Project("{FAE04EC0-301F-11D3-BF4B-00C04F79EFBC}") = "centigrados a fahrenheit", "centigrados a fahrenheit\centigrados a fahrenheit.csproj", "{C1BDA04F-5444-4764-8C4B-092E6E3696F5}"
EndProject
Global
	GlobalSection(SolutionConfigurationPlatforms) = preSolution
		Debug|Any CPU = Debug|Any CPU
		Release|Any CPU = Release|Any CPU
	EndGlobalSection
	GlobalSection(ProjectConfigurationPlatforms) = postSolution
		{C1BDA04F-5444-4764-8C4B-092E6E3696F5}.Debug|Any CPU.ActiveCfg = Debug|Any CPU
		{C1BDA04F-5444-4764-8C4B-092E6E3696F5}.Debug|Any CPU.Build.0 = Debug|Any CPU
		{C1BDA04F-5444-4764-8C4B-092E6E3696F5}.Release|Any CPU.ActiveCfg = Release|Any CPU
		{C1BDA04F-5444-4764-8C4B-092E6E3696F5}.Release|Any CPU.Build.0 = Release|Any CPU
	EndGlobalSection
	GlobalSection(SolutionProperties) = preSolution
		HideSolutionNode = FALSE
	EndGlobalSection
	GlobalSection(ExtensibilityGlobals) = postSolution
		SolutionGuid = {0696B404-EDD9-4B9A-9E80-45F2F4A576EC}
	EndGlobalSection
EndGlobal
